{
  "dependencies": {
    "addressparser": {
      "version": "1.0.1",
      "from": "addressparser@>=1.0.1 <1.1.0",
      "resolved": "https://registry.npmjs.org/addressparser/-/addressparser-1.0.1.tgz"
    },
    "encoding": {
      "version": "0.1.12",
      "from": "encoding@>=0.1.12 <0.2.0",
      "resolved": "https://registry.npmjs.org/encoding/-/encoding-0.1.12.tgz"
    },
    "iconv-lite": {
      "version": "0.4.15",
      "from": "iconv-lite@>=0.4.13 <0.5.0",
      "resolved": "https://registry.npmjs.org/iconv-lite/-/iconv-lite-0.4.15.tgz"
    },
    "mimelib": {
      "version": "0.3.0",
      "from": "mimelib@latest",
      "resolved": "https://registry.npmjs.org/mimelib/-/mimelib-0.3.0.tgz"
    }
  }
}
